// !$*UTF8*$!
{
	archiveVersion = 1;
	classes = {
	};
	objectVersion = 77;
	objects = {

/* Begin PBXBuildFile section */
		15BD49792CA33D110052E5DA /* AttackOnEnemy.swift in Sources */ = {isa = PBXBuildFile; fileRef = 15F8EEEF2CA33755002CEA5B /* AttackOnEnemy.swift */; };
		15BD497A2CA33D1C0052E5DA /* AttackOnHeroes.swift in Sources */ = {isa = PBXBuildFile; fileRef = 15F8EEF02CA3376C002CEA5B /* AttackOnHeroes.swift */; };
		15BD497C2CA342A10052E5DA /* BattleLogic.swift in Sources */ = {isa = PBXBuildFile; fileRef = 15BD497B2CA341710052E5DA /* BattleLogic.swift */; };
		15BD497E2CA354EE0052E5DA /* HeroesBag.swift in Sources */ = {isa = PBXBuildFile; fileRef = 15BD497D2CA354960052E5DA /* HeroesBag.swift */; };
		15BD49802CA3551D0052E5DA /* EnemyBag.swift in Sources */ = {isa = PBXBuildFile; fileRef = 15BD497F2CA355130052E5DA /* EnemyBag.swift */; };
		15F8EEE62CA30721002CEA5B /* Hero.swift in Sources */ = {isa = PBXBuildFile; fileRef = 15542F192CA18ED5001644B5 /* Hero.swift */; };
		15F8EEE72CA30761002CEA5B /* Enemy.swift in Sources */ = {isa = PBXBuildFile; fileRef = 15542F1E2CA19ECA001644B5 /* Enemy.swift */; };
		15F8EEE82CA30771002CEA5B /* Warrior.swift in Sources */ = {isa = PBXBuildFile; fileRef = 15542F1A2CA19057001644B5 /* Warrior.swift */; };
		15F8EEE92CA30780002CEA5B /* Archer.swift in Sources */ = {isa = PBXBuildFile; fileRef = 15542F1B2CA19168001644B5 /* Archer.swift */; };
		15F8EEEA2CA30789002CEA5B /* Doctor.swift in Sources */ = {isa = PBXBuildFile; fileRef = 15542F1C2CA191D6001644B5 /* Doctor.swift */; };
		15F8EEEB2CA30790002CEA5B /* WarriorOpponent.swift in Sources */ = {isa = PBXBuildFile; fileRef = 15542F1D2CA19E89001644B5 /* WarriorOpponent.swift */; };
		15F8EEEC2CA30798002CEA5B /* ArcherOpponent.swift in Sources */ = {isa = PBXBuildFile; fileRef = 15542F1F2CA19F98001644B5 /* ArcherOpponent.swift */; };
		15F8EEED2CA3079E002CEA5B /* DoctorOpponent.swift in Sources */ = {isa = PBXBuildFile; fileRef = 15542F202CA19FEB001644B5 /* DoctorOpponent.swift */; };
/* End PBXBuildFile section */

/* Begin PBXCopyFilesBuildPhase section */
		CE2F4BF42C9D636900643971 /* CopyFiles */ = {
			isa = PBXCopyFilesBuildPhase;
			buildActionMask = 2147483647;
			dstPath = /usr/share/man/man1/;
			dstSubfolderSpec = 0;
			files = (
			);
			runOnlyForDeploymentPostprocessing = 1;
		};
/* End PBXCopyFilesBuildPhase section */

/* Begin PBXFileReference section */
		15542F192CA18ED5001644B5 /* Hero.swift */ = {isa = PBXFileReference; lastKnownFileType = sourcecode.swift; path = Hero.swift; sourceTree = "<group>"; };
		15542F1A2CA19057001644B5 /* Warrior.swift */ = {isa = PBXFileReference; lastKnownFileType = sourcecode.swift; path = Warrior.swift; sourceTree = "<group>"; };
		15542F1B2CA19168001644B5 /* Archer.swift */ = {isa = PBXFileReference; lastKnownFileType = sourcecode.swift; path = Archer.swift; sourceTree = "<group>"; };
		15542F1C2CA191D6001644B5 /* Doctor.swift */ = {isa = PBXFileReference; lastKnownFileType = sourcecode.swift; path = Doctor.swift; sourceTree = "<group>"; };
		15542F1D2CA19E89001644B5 /* WarriorOpponent.swift */ = {isa = PBXFileReference; lastKnownFileType = sourcecode.swift; path = WarriorOpponent.swift; sourceTree = "<group>"; };
		15542F1E2CA19ECA001644B5 /* Enemy.swift */ = {isa = PBXFileReference; lastKnownFileType = sourcecode.swift; path = Enemy.swift; sourceTree = "<group>"; };
		15542F1F2CA19F98001644B5 /* ArcherOpponent.swift */ = {isa = PBXFileReference; lastKnownFileType = sourcecode.swift; path = ArcherOpponent.swift; sourceTree = "<group>"; };
		15542F202CA19FEB001644B5 /* DoctorOpponent.swift */ = {isa = PBXFileReference; lastKnownFileType = sourcecode.swift; path = DoctorOpponent.swift; sourceTree = "<group>"; };
		15BD497B2CA341710052E5DA /* BattleLogic.swift */ = {isa = PBXFileReference; lastKnownFileType = sourcecode.swift; path = BattleLogic.swift; sourceTree = "<group>"; };
		15BD497D2CA354960052E5DA /* HeroesBag.swift */ = {isa = PBXFileReference; lastKnownFileType = sourcecode.swift; path = HeroesBag.swift; sourceTree = "<group>"; };
		15BD497F2CA355130052E5DA /* EnemyBag.swift */ = {isa = PBXFileReference; lastKnownFileType = sourcecode.swift; path = EnemyBag.swift; sourceTree = "<group>"; };
		15F8EED42CA2D247002CEA5B /* Weapon.swift */ = {isa = PBXFileReference; lastKnownFileType = sourcecode.swift; path = Weapon.swift; sourceTree = "<group>"; };
		15F8EEEF2CA33755002CEA5B /* AttackOnEnemy.swift */ = {isa = PBXFileReference; lastKnownFileType = sourcecode.swift; path = AttackOnEnemy.swift; sourceTree = "<group>"; };
		15F8EEF02CA3376C002CEA5B /* AttackOnHeroes.swift */ = {isa = PBXFileReference; lastKnownFileType = sourcecode.swift; path = AttackOnHeroes.swift; sourceTree = "<group>"; };
		CE2F4BF62C9D636900643971 /* RPG */ = {isa = PBXFileReference; explicitFileType = "compiled.mach-o.executable"; includeInIndex = 0; path = RPG; sourceTree = BUILT_PRODUCTS_DIR; };
/* End PBXFileReference section */

/* Begin PBXFileSystemSynchronizedRootGroup section */
		CE2F4BF82C9D636900643971 /* RPG */ = {
			isa = PBXFileSystemSynchronizedRootGroup;
			path = RPG;
			sourceTree = "<group>";
		};
/* End PBXFileSystemSynchronizedRootGroup section */

/* Begin PBXFrameworksBuildPhase section */
		CE2F4BF32C9D636900643971 /* Frameworks */ = {
			isa = PBXFrameworksBuildPhase;
			buildActionMask = 2147483647;
			files = (
			);
			runOnlyForDeploymentPostprocessing = 0;
		};
/* End PBXFrameworksBuildPhase section */

/* Begin PBXGroup section */
		15542F152CA18CD1001644B5 /* Helden */ = {
			isa = PBXGroup;
			children = (
				15542F1C2CA191D6001644B5 /* Doctor.swift */,
				15542F1B2CA19168001644B5 /* Archer.swift */,
				15542F1A2CA19057001644B5 /* Warrior.swift */,
				15542F192CA18ED5001644B5 /* Hero.swift */,
			);
			path = Helden;
			sourceTree = "<group>";
		};
		15542F162CA18CE1001644B5 /* Gegner */ = {
			isa = PBXGroup;
			children = (
				15542F202CA19FEB001644B5 /* DoctorOpponent.swift */,
				15542F1F2CA19F98001644B5 /* ArcherOpponent.swift */,
				15542F1E2CA19ECA001644B5 /* Enemy.swift */,
				15542F1D2CA19E89001644B5 /* WarriorOpponent.swift */,
			);
			path = Gegner;
			sourceTree = "<group>";
		};
		15542F172CA18D15001644B5 /* Kampfsystem */ = {
			isa = PBXGroup;
			children = (
				15BD497B2CA341710052E5DA /* BattleLogic.swift */,
			);
			path = Kampfsystem;
			sourceTree = "<group>";
		};
		15542F182CA18D3B001644B5 /* Hilfsdateien */ = {
			isa = PBXGroup;
			children = (
				15BD497F2CA355130052E5DA /* EnemyBag.swift */,
				15BD497D2CA354960052E5DA /* HeroesBag.swift */,
			);
			path = Hilfsdateien;
			sourceTree = "<group>";
		};
		158DA5502CA1E63700E952E1 /* Inventar */ = {
			isa = PBXGroup;
			children = (
				15F8EED42CA2D247002CEA5B /* Weapon.swift */,
			);
			path = Inventar;
			sourceTree = "<group>";
		};
		15F8EEEE2CA30A79002CEA5B /* protocol */ = {
			isa = PBXGroup;
			children = (
				15F8EEF02CA3376C002CEA5B /* AttackOnHeroes.swift */,
				15F8EEEF2CA33755002CEA5B /* AttackOnEnemy.swift */,
			);
			path = protocol;
			sourceTree = "<group>";
		};
		CE2F4BED2C9D636900643971 = {
			isa = PBXGroup;
			children = (
				15F8EEEE2CA30A79002CEA5B /* protocol */,
				158DA5502CA1E63700E952E1 /* Inventar */,
				15542F182CA18D3B001644B5 /* Hilfsdateien */,
				15542F172CA18D15001644B5 /* Kampfsystem */,
				15542F162CA18CE1001644B5 /* Gegner */,
				15542F152CA18CD1001644B5 /* Helden */,
				CE2F4BF82C9D636900643971 /* RPG */,
				CE2F4BF72C9D636900643971 /* Products */,
			);
			sourceTree = "<group>";
		};
		CE2F4BF72C9D636900643971 /* Products */ = {
			isa = PBXGroup;
			children = (
				CE2F4BF62C9D636900643971 /* RPG */,
			);
			name = Products;
			sourceTree = "<group>";
		};
/* End PBXGroup section */

/* Begin PBXNativeTarget section */
		CE2F4BF52C9D636900643971 /* RPG */ = {
			isa = PBXNativeTarget;
			buildConfigurationList = CE2F4BFD2C9D636900643971 /* Build configuration list for PBXNativeTarget "RPG" */;
			buildPhases = (
				CE2F4BF22C9D636900643971 /* Sources */,
				CE2F4BF32C9D636900643971 /* Frameworks */,
				CE2F4BF42C9D636900643971 /* CopyFiles */,
			);
			buildRules = (
			);
			dependencies = (
			);
			fileSystemSynchronizedGroups = (
				CE2F4BF82C9D636900643971 /* RPG */,
			);
			name = RPG;
			packageProductDependencies = (
			);
			productName = RPG;
			productReference = CE2F4BF62C9D636900643971 /* RPG */;
			productType = "com.apple.product-type.tool";
		};
/* End PBXNativeTarget section */

/* Begin PBXProject section */
		CE2F4BEE2C9D636900643971 /* Project object */ = {
			isa = PBXProject;
			attributes = {
				BuildIndependentTargetsInParallel = 1;
				LastSwiftUpdateCheck = 1600;
				LastUpgradeCheck = 1600;
				TargetAttributes = {
					CE2F4BF52C9D636900643971 = {
						CreatedOnToolsVersion = 16.0;
					};
				};
			};
			buildConfigurationList = CE2F4BF12C9D636900643971 /* Build configuration list for PBXProject "RPG" */;
			developmentRegion = en;
			hasScannedForEncodings = 0;
			knownRegions = (
				en,
				Base,
			);
			mainGroup = CE2F4BED2C9D636900643971;
			minimizedProjectReferenceProxies = 1;
			preferredProjectObjectVersion = 77;
			productRefGroup = CE2F4BF72C9D636900643971 /* Products */;
			projectDirPath = "";
			projectRoot = "";
			targets = (
				CE2F4BF52C9D636900643971 /* RPG */,
			);
		};
/* End PBXProject section */

/* Begin PBXSourcesBuildPhase section */
		CE2F4BF22C9D636900643971 /* Sources */ = {
			isa = PBXSourcesBuildPhase;
			buildActionMask = 2147483647;
			files = (
				15F8EEE62CA30721002CEA5B /* Hero.swift in Sources */,
				15F8EEED2CA3079E002CEA5B /* DoctorOpponent.swift in Sources */,
				15BD497E2CA354EE0052E5DA /* HeroesBag.swift in Sources */,
				15BD49792CA33D110052E5DA /* AttackOnEnemy.swift in Sources */,
				15BD49802CA3551D0052E5DA /* EnemyBag.swift in Sources */,
				15F8EEEA2CA30789002CEA5B /* Doctor.swift in Sources */,
				15F8EEE82CA30771002CEA5B /* Warrior.swift in Sources */,
				15BD497A2CA33D1C0052E5DA /* AttackOnHeroes.swift in Sources */,
				15F8EEE72CA30761002CEA5B /* Enemy.swift in Sources */,
				15F8EEE92CA30780002CEA5B /* Archer.swift in Sources */,
				15F8EEEB2CA30790002CEA5B /* WarriorOpponent.swift in Sources */,
				15BD497C2CA342A10052E5DA /* BattleLogic.swift in Sources */,
				15F8EEEC2CA30798002CEA5B /* ArcherOpponent.swift in Sources */,
			);
			runOnlyForDeploymentPostprocessing = 0;
		};
/* End PBXSourcesBuildPhase section */

/* Begin XCBuildConfiguration section */
		CE2F4BFB2C9D636900643971 /* Debug */ = {
			isa = XCBuildConfiguration;
			buildSettings = {
				ALWAYS_SEARCH_USER_PATHS = NO;
				ASSETCATALOG_COMPILER_GENERATE_SWIFT_ASSET_SYMBOL_EXTENSIONS = YES;
				CLANG_ANALYZER_NONNULL = YES;
				CLANG_ANALYZER_NUMBER_OBJECT_CONVERSION = YES_AGGRESSIVE;
				CLANG_CXX_LANGUAGE_STANDARD = "gnu++20";
				CLANG_ENABLE_MODULES = YES;
				CLANG_ENABLE_OBJC_ARC = YES;
				CLANG_ENABLE_OBJC_WEAK = YES;
				CLANG_WARN_BLOCK_CAPTURE_AUTORELEASING = YES;
				CLANG_WARN_BOOL_CONVERSION = YES;
				CLANG_WARN_COMMA = YES;
				CLANG_WARN_CONSTANT_CONVERSION = YES;
				CLANG_WARN_DEPRECATED_OBJC_IMPLEMENTATIONS = YES;
				CLANG_WARN_DIRECT_OBJC_ISA_USAGE = YES_ERROR;
				CLANG_WARN_DOCUMENTATION_COMMENTS = YES;
				CLANG_WARN_EMPTY_BODY = YES;
				CLANG_WARN_ENUM_CONVERSION = YES;
				CLANG_WARN_INFINITE_RECURSION = YES;
				CLANG_WARN_INT_CONVERSION = YES;
				CLANG_WARN_NON_LITERAL_NULL_CONVERSION = YES;
				CLANG_WARN_OBJC_IMPLICIT_RETAIN_SELF = YES;
				CLANG_WARN_OBJC_LITERAL_CONVERSION = YES;
				CLANG_WARN_OBJC_ROOT_CLASS = YES_ERROR;
				CLANG_WARN_QUOTED_INCLUDE_IN_FRAMEWORK_HEADER = YES;
				CLANG_WARN_RANGE_LOOP_ANALYSIS = YES;
				CLANG_WARN_STRICT_PROTOTYPES = YES;
				CLANG_WARN_SUSPICIOUS_MOVE = YES;
				CLANG_WARN_UNGUARDED_AVAILABILITY = YES_AGGRESSIVE;
				CLANG_WARN_UNREACHABLE_CODE = YES;
				CLANG_WARN__DUPLICATE_METHOD_MATCH = YES;
				COPY_PHASE_STRIP = NO;
				DEBUG_INFORMATION_FORMAT = dwarf;
				ENABLE_STRICT_OBJC_MSGSEND = YES;
				ENABLE_TESTABILITY = YES;
				ENABLE_USER_SCRIPT_SANDBOXING = YES;
				GCC_C_LANGUAGE_STANDARD = gnu17;
				GCC_DYNAMIC_NO_PIC = NO;
				GCC_NO_COMMON_BLOCKS = YES;
				GCC_OPTIMIZATION_LEVEL = 0;
				GCC_PREPROCESSOR_DEFINITIONS = (
					"DEBUG=1",
					"$(inherited)",
				);
				GCC_WARN_64_TO_32_BIT_CONVERSION = YES;
				GCC_WARN_ABOUT_RETURN_TYPE = YES_ERROR;
				GCC_WARN_UNDECLARED_SELECTOR = YES;
				GCC_WARN_UNINITIALIZED_AUTOS = YES_AGGRESSIVE;
				GCC_WARN_UNUSED_FUNCTION = YES;
				GCC_WARN_UNUSED_VARIABLE = YES;
				LOCALIZATION_PREFERS_STRING_CATALOGS = YES;
				MACOSX_DEPLOYMENT_TARGET = 15.0;
				MTL_ENABLE_DEBUG_INFO = INCLUDE_SOURCE;
				MTL_FAST_MATH = YES;
				ONLY_ACTIVE_ARCH = YES;
				SDKROOT = macosx;
				SWIFT_ACTIVE_COMPILATION_CONDITIONS = "DEBUG $(inherited)";
				SWIFT_OPTIMIZATION_LEVEL = "-Onone";
			};
			name = Debug;
		};
		CE2F4BFC2C9D636900643971 /* Release */ = {
			isa = XCBuildConfiguration;
			buildSettings = {
				ALWAYS_SEARCH_USER_PATHS = NO;
				ASSETCATALOG_COMPILER_GENERATE_SWIFT_ASSET_SYMBOL_EXTENSIONS = YES;
				CLANG_ANALYZER_NONNULL = YES;
				CLANG_ANALYZER_NUMBER_OBJECT_CONVERSION = YES_AGGRESSIVE;
				CLANG_CXX_LANGUAGE_STANDARD = "gnu++20";
				CLANG_ENABLE_MODULES = YES;
				CLANG_ENABLE_OBJC_ARC = YES;
				CLANG_ENABLE_OBJC_WEAK = YES;
				CLANG_WARN_BLOCK_CAPTURE_AUTORELEASING = YES;
				CLANG_WARN_BOOL_CONVERSION = YES;
				CLANG_WARN_COMMA = YES;
				CLANG_WARN_CONSTANT_CONVERSION = YES;
				CLANG_WARN_DEPRECATED_OBJC_IMPLEMENTATIONS = YES;
				CLANG_WARN_DIRECT_OBJC_ISA_USAGE = YES_ERROR;
				CLANG_WARN_DOCUMENTATION_COMMENTS = YES;
				CLANG_WARN_EMPTY_BODY = YES;
				CLANG_WARN_ENUM_CONVERSION = YES;
				CLANG_WARN_INFINITE_RECURSION = YES;
				CLANG_WARN_INT_CONVERSION = YES;
				CLANG_WARN_NON_LITERAL_NULL_CONVERSION = YES;
				CLANG_WARN_OBJC_IMPLICIT_RETAIN_SELF = YES;
				CLANG_WARN_OBJC_LITERAL_CONVERSION = YES;
				CLANG_WARN_OBJC_ROOT_CLASS = YES_ERROR;
				CLANG_WARN_QUOTED_INCLUDE_IN_FRAMEWORK_HEADER = YES;
				CLANG_WARN_RANGE_LOOP_ANALYSIS = YES;
				CLANG_WARN_STRICT_PROTOTYPES = YES;
				CLANG_WARN_SUSPICIOUS_MOVE = YES;
				CLANG_WARN_UNGUARDED_AVAILABILITY = YES_AGGRESSIVE;
				CLANG_WARN_UNREACHABLE_CODE = YES;
				CLANG_WARN__DUPLICATE_METHOD_MATCH = YES;
				COPY_PHASE_STRIP = NO;
				DEBUG_INFORMATION_FORMAT = "dwarf-with-dsym";
				ENABLE_NS_ASSERTIONS = NO;
				ENABLE_STRICT_OBJC_MSGSEND = YES;
				ENABLE_USER_SCRIPT_SANDBOXING = YES;
				GCC_C_LANGUAGE_STANDARD = gnu17;
				GCC_NO_COMMON_BLOCKS = YES;
				GCC_WARN_64_TO_32_BIT_CONVERSION = YES;
				GCC_WARN_ABOUT_RETURN_TYPE = YES_ERROR;
				GCC_WARN_UNDECLARED_SELECTOR = YES;
				GCC_WARN_UNINITIALIZED_AUTOS = YES_AGGRESSIVE;
				GCC_WARN_UNUSED_FUNCTION = YES;
				GCC_WARN_UNUSED_VARIABLE = YES;
				LOCALIZATION_PREFERS_STRING_CATALOGS = YES;
				MACOSX_DEPLOYMENT_TARGET = 15.0;
				MTL_ENABLE_DEBUG_INFO = NO;
				MTL_FAST_MATH = YES;
				SDKROOT = macosx;
				SWIFT_COMPILATION_MODE = wholemodule;
			};
			name = Release;
		};
		CE2F4BFE2C9D636900643971 /* Debug */ = {
			isa = XCBuildConfiguration;
			buildSettings = {
				CODE_SIGN_STYLE = Automatic;
				PRODUCT_NAME = "$(TARGET_NAME)";
				REGISTER_APP_GROUPS = NO;
				SUPPORTED_PLATFORMS = "iphoneos iphonesimulator";
				SUPPORTS_MACCATALYST = NO;
				SUPPORTS_MAC_DESIGNED_FOR_IPHONE_IPAD = YES;
				SWIFT_VERSION = 5.0;
				TARGETED_DEVICE_FAMILY = "1,2";
			};
			name = Debug;
		};
		CE2F4BFF2C9D636900643971 /* Release */ = {
			isa = XCBuildConfiguration;
			buildSettings = {
				CODE_SIGN_STYLE = Automatic;
				PRODUCT_NAME = "$(TARGET_NAME)";
				REGISTER_APP_GROUPS = NO;
				SUPPORTED_PLATFORMS = "iphoneos iphonesimulator";
				SUPPORTS_MACCATALYST = NO;
				SUPPORTS_MAC_DESIGNED_FOR_IPHONE_IPAD = YES;
				SWIFT_VERSION = 5.0;
				TARGETED_DEVICE_FAMILY = "1,2";
			};
			name = Release;
		};
/* End XCBuildConfiguration section */

/* Begin XCConfigurationList section */
		CE2F4BF12C9D636900643971 /* Build configuration list for PBXProject "RPG" */ = {
			isa = XCConfigurationList;
			buildConfigurations = (
				CE2F4BFB2C9D636900643971 /* Debug */,
				CE2F4BFC2C9D636900643971 /* Release */,
			);
			defaultConfigurationIsVisible = 0;
			defaultConfigurationName = Release;
		};
		CE2F4BFD2C9D636900643971 /* Build configuration list for PBXNativeTarget "RPG" */ = {
			isa = XCConfigurationList;
			buildConfigurations = (
				CE2F4BFE2C9D636900643971 /* Debug */,
				CE2F4BFF2C9D636900643971 /* Release */,
			);
			defaultConfigurationIsVisible = 0;
			defaultConfigurationName = Release;
		};
/* End XCConfigurationList section */
	};
	rootObject = CE2F4BEE2C9D636900643971 /* Project object */;
}
